// !$*UTF8*$!
{
	archiveVersion = 1;
	classes = {
	};
	objectVersion = 46;
	objects = {

/* Begin PBXBuildFile section */
		DD8281791EE599C0004C22A8 /* main.m in Sources */ = {isa = PBXBuildFile; fileRef = DD8281781EE599C0004C22A8 /* main.m */; };
		DD82817C1EE599C0004C22A8 /* AppDelegate.m in Sources */ = {isa = PBXBuildFile; fileRef = DD82817B1EE599C0004C22A8 /* AppDelegate.m */; };
		DD82817F1EE599C0004C22A8 /* ViewController.m in Sources */ = {isa = PBXBuildFile; fileRef = DD82817E1EE599C0004C22A8 /* ViewController.m */; };
		DD8281821EE599C0004C22A8 /* Main.storyboard in Resources */ = {isa = PBXBuildFile; fileRef = DD8281801EE599C0004C22A8 /* Main.storyboard */; };
		DD8281851EE599C0004C22A8 /* ZhiKuZaiXian.xcdatamodeld in Sources */ = {isa = PBXBuildFile; fileRef = DD8281831EE599C0004C22A8 /* ZhiKuZaiXian.xcdatamodeld */; };
		DD8281871EE599C0004C22A8 /* Assets.xcassets in Resources */ = {isa = PBXBuildFile; fileRef = DD8281861EE599C0004C22A8 /* Assets.xcassets */; };
		DD82818A1EE599C0004C22A8 /* LaunchScreen.storyboard in Resources */ = {isa = PBXBuildFile; fileRef = DD8281881EE599C0004C22A8 /* LaunchScreen.storyboard */; };
		DD8281951EE599C0004C22A8 /* ZhiKuZaiXianTests.m in Sources */ = {isa = PBXBuildFile; fileRef = DD8281941EE599C0004C22A8 /* ZhiKuZaiXianTests.m */; };
		DD8281A01EE599C0004C22A8 /* ZhiKuZaiXianUITests.m in Sources */ = {isa = PBXBuildFile; fileRef = DD82819F1EE599C0004C22A8 /* ZhiKuZaiXianUITests.m */; };
/* End PBXBuildFile section */

/* Begin PBXContainerItemProxy section */
		DD8281911EE599C0004C22A8 /* PBXContainerItemProxy */ = {
			isa = PBXContainerItemProxy;
			containerPortal = DD82816C1EE599C0004C22A8 /* Project object */;
			proxyType = 1;
			remoteGlobalIDString = DD8281731EE599C0004C22A8;
			remoteInfo = ZhiKuZaiXian;
		};
		DD82819C1EE599C0004C22A8 /* PBXContainerItemProxy */ = {
			isa = PBXContainerItemProxy;
			containerPortal = DD82816C1EE599C0004C22A8 /* Project object */;
			proxyType = 1;
			remoteGlobalIDString = DD8281731EE599C0004C22A8;
			remoteInfo = ZhiKuZaiXian;
		};
/* End PBXContainerItemProxy section */

/* Begin PBXFileReference section */
		DD8281741EE599C0004C22A8 /* ZhiKuZaiXian.app */ = {isa = PBXFileReference; explicitFileType = wrapper.application; includeInIndex = 0; path = ZhiKuZaiXian.app; sourceTree = BUILT_PRODUCTS_DIR; };
		DD8281781EE599C0004C22A8 /* main.m */ = {isa = PBXFileReference; lastKnownFileType = sourcecode.c.objc; path = main.m; sourceTree = "<group>"; };
		DD82817A1EE599C0004C22A8 /* AppDelegate.h */ = {isa = PBXFileReference; lastKnownFileType = sourcecode.c.h; path = AppDelegate.h; sourceTree = "<group>"; };
		DD82817B1EE599C0004C22A8 /* AppDelegate.m */ = {isa = PBXFileReference; lastKnownFileType = sourcecode.c.objc; path = AppDelegate.m; sourceTree = "<group>"; };
		DD82817D1EE599C0004C22A8 /* ViewController.h */ = {isa = PBXFileReference; lastKnownFileType = sourcecode.c.h; path = ViewController.h; sourceTree = "<group>"; };
		DD82817E1EE599C0004C22A8 /* ViewController.m */ = {isa = PBXFileReference; lastKnownFileType = sourcecode.c.objc; path = ViewController.m; sourceTree = "<group>"; };
		DD8281811EE599C0004C22A8 /* Base */ = {isa = PBXFileReference; lastKnownFileType = file.storyboard; name = Base; path = Base.lproj/Main.storyboard; sourceTree = "<group>"; };
		DD8281841EE599C0004C22A8 /* ZhiKuZaiXian.xcdatamodel */ = {isa = PBXFileReference; lastKnownFileType = wrapper.xcdatamodel; path = ZhiKuZaiXian.xcdatamodel; sourceTree = "<group>"; };
		DD8281861EE599C0004C22A8 /* Assets.xcassets */ = {isa = PBXFileReference; lastKnownFileType = folder.assetcatalog; path = Assets.xcassets; sourceTree = "<group>"; };
		DD8281891EE599C0004C22A8 /* Base */ = {isa = PBXFileReference; lastKnownFileType = file.storyboard; name = Base; path = Base.lproj/LaunchScreen.storyboard; sourceTree = "<group>"; };
		DD82818B1EE599C0004C22A8 /* Info.plist */ = {isa = PBXFileReference; lastKnownFileType = text.plist.xml; path = Info.plist; sourceTree = "<group>"; };
		DD8281901EE599C0004C22A8 /* ZhiKuZaiXianTests.xctest */ = {isa = PBXFileReference; explicitFileType = wrapper.cfbundle; includeInIndex = 0; path = ZhiKuZaiXianTests.xctest; sourceTree = BUILT_PRODUCTS_DIR; };
		DD8281941EE599C0004C22A8 /* ZhiKuZaiXianTests.m */ = {isa = PBXFileReference; lastKnownFileType = sourcecode.c.objc; path = ZhiKuZaiXianTests.m; sourceTree = "<group>"; };
		DD8281961EE599C0004C22A8 /* Info.plist */ = {isa = PBXFileReference; lastKnownFileType = text.plist.xml; path = Info.plist; sourceTree = "<group>"; };
		DD82819B1EE599C0004C22A8 /* ZhiKuZaiXianUITests.xctest */ = {isa = PBXFileReference; explicitFileType = wrapper.cfbundle; includeInIndex = 0; path = ZhiKuZaiXianUITests.xctest; sourceTree = BUILT_PRODUCTS_DIR; };
		DD82819F1EE599C0004C22A8 /* ZhiKuZaiXianUITests.m */ = {isa = PBXFileReference; lastKnownFileType = sourcecode.c.objc; path = ZhiKuZaiXianUITests.m; sourceTree = "<group>"; };
		DD8281A11EE599C0004C22A8 /* Info.plist */ = {isa = PBXFileReference; lastKnownFileType = text.plist.xml; path = Info.plist; sourceTree = "<group>"; };
/* End PBXFileReference section */

/* Begin PBXFrameworksBuildPhase section */
		DD8281711EE599C0004C22A8 /* Frameworks */ = {
			isa = PBXFrameworksBuildPhase;
			buildActionMask = 2147483647;
			files = (
			);
			runOnlyForDeploymentPostprocessing = 0;
		};
		DD82818D1EE599C0004C22A8 /* Frameworks */ = {
			isa = PBXFrameworksBuildPhase;
			buildActionMask = 2147483647;
			files = (
			);
			runOnlyForDeploymentPostprocessing = 0;
		};
		DD8281981EE599C0004C22A8 /* Frameworks */ = {
			isa = PBXFrameworksBuildPhase;
			buildActionMask = 2147483647;
			files = (
			);
			runOnlyForDeploymentPostprocessing = 0;
		};
/* End PBXFrameworksBuildPhase section */

/* Begin PBXGroup section */
		DD82816B1EE599C0004C22A8 = {
			isa = PBXGroup;
			children = (
				DD8281761EE599C0004C22A8 /* ZhiKuZaiXian */,
				DD8281931EE599C0004C22A8 /* ZhiKuZaiXianTests */,
				DD82819E1EE599C0004C22A8 /* ZhiKuZaiXianUITests */,
				DD8281751EE599C0004C22A8 /* Products */,
			);
			sourceTree = "<group>";
		};
		DD8281751EE599C0004C22A8 /* Products */ = {
			isa = PBXGroup;
			children = (
				DD8281741EE599C0004C22A8 /* ZhiKuZaiXian.app */,
				DD8281901EE599C0004C22A8 /* ZhiKuZaiXianTests.xctest */,
				DD82819B1EE599C0004C22A8 /* ZhiKuZaiXianUITests.xctest */,
			);
			name = Products;
			sourceTree = "<group>";
		};
		DD8281761EE599C0004C22A8 /* ZhiKuZaiXian */ = {
			isa = PBXGroup;
			children = (
				DD82817A1EE599C0004C22A8 /* AppDelegate.h */,
				DD82817B1EE599C0004C22A8 /* AppDelegate.m */,
				DD82817D1EE599C0004C22A8 /* ViewController.h */,
				DD82817E1EE599C0004C22A8 /* ViewController.m */,
				DD8281801EE599C0004C22A8 /* Main.storyboard */,
				DD8281861EE599C0004C22A8 /* Assets.xcassets */,
				DD8281881EE599C0004C22A8 /* LaunchScreen.storyboard */,
				DD82818B1EE599C0004C22A8 /* Info.plist */,
				DD8281831EE599C0004C22A8 /* ZhiKuZaiXian.xcdatamodeld */,
				DD8281771EE599C0004C22A8 /* Supporting Files */,
			);
			path = ZhiKuZaiXian;
			sourceTree = "<group>";
		};
		DD8281771EE599C0004C22A8 /* Supporting Files */ = {
			isa = PBXGroup;
			children = (
				DD8281781EE599C0004C22A8 /* main.m */,
			);
			name = "Supporting Files";
			sourceTree = "<group>";
		};
		DD8281931EE599C0004C22A8 /* ZhiKuZaiXianTests */ = {
			isa = PBXGroup;
			children = (
				DD8281941EE599C0004C22A8 /* ZhiKuZaiXianTests.m */,
				DD8281961EE599C0004C22A8 /* Info.plist */,
			);
			path = ZhiKuZaiXianTests;
			sourceTree = "<group>";
		};
		DD82819E1EE599C0004C22A8 /* ZhiKuZaiXianUITests */ = {
			isa = PBXGroup;
			children = (
				DD82819F1EE599C0004C22A8 /* ZhiKuZaiXianUITests.m */,
				DD8281A11EE599C0004C22A8 /* Info.plist */,
			);
			path = ZhiKuZaiXianUITests;
			sourceTree = "<group>";
		};
/* End PBXGroup section */

/* Begin PBXNativeTarget section */
		DD8281731EE599C0004C22A8 /* ZhiKuZaiXian */ = {
			isa = PBXNativeTarget;
			buildConfigurationList = DD8281A41EE599C0004C22A8 /* Build configuration list for PBXNativeTarget "ZhiKuZaiXian" */;
			buildPhases = (
				DD8281701EE599C0004C22A8 /* Sources */,
				DD8281711EE599C0004C22A8 /* Frameworks */,
				DD8281721EE599C0004C22A8 /* Resources */,
			);
			buildRules = (
			);
			dependencies = (
			);
			name = ZhiKuZaiXian;
			productName = ZhiKuZaiXian;
			productReference = DD8281741EE599C0004C22A8 /* ZhiKuZaiXian.app */;
			productType = "com.apple.product-type.application";
		};
		DD82818F1EE599C0004C22A8 /* ZhiKuZaiXianTests */ = {
			isa = PBXNativeTarget;
			buildConfigurationList = DD8281A71EE599C0004C22A8 /* Build configuration list for PBXNativeTarget "ZhiKuZaiXianTests" */;
			buildPhases = (
				DD82818C1EE599C0004C22A8 /* Sources */,
				DD82818D1EE599C0004C22A8 /* Frameworks */,
				DD82818E1EE599C0004C22A8 /* Resources */,
			);
			buildRules = (
			);
			dependencies = (
				DD8281921EE599C0004C22A8 /* PBXTargetDependency */,
			);
			name = ZhiKuZaiXianTests;
			productName = ZhiKuZaiXianTests;
			productReference = DD8281901EE599C0004C22A8 /* ZhiKuZaiXianTests.xctest */;
			productType = "com.apple.product-type.bundle.unit-test";
		};
		DD82819A1EE599C0004C22A8 /* ZhiKuZaiXianUITests */ = {
			isa = PBXNativeTarget;
			buildConfigurationList = DD8281AA1EE599C0004C22A8 /* Build configuration list for PBXNativeTarget "ZhiKuZaiXianUITests" */;
			buildPhases = (
				DD8281971EE599C0004C22A8 /* Sources */,
				DD8281981EE599C0004C22A8 /* Frameworks */,
				DD8281991EE599C0004C22A8 /* Resources */,
			);
			buildRules = (
			);
			dependencies = (
				DD82819D1EE599C0004C22A8 /* PBXTargetDependency */,
			);
			name = ZhiKuZaiXianUITests;
			productName = ZhiKuZaiXianUITests;
			productReference = DD82819B1EE599C0004C22A8 /* ZhiKuZaiXianUITests.xctest */;
			productType = "com.apple.product-type.bundle.ui-testing";
		};
/* End PBXNativeTarget section */

/* Begin PBXProject section */
		DD82816C1EE599C0004C22A8 /* Project object */ = {
			isa = PBXProject;
			attributes = {
				LastUpgradeCheck = 0800;
				ORGANIZATIONNAME = zhuyonggang;
				TargetAttributes = {
					DD8281731EE599C0004C22A8 = {
						CreatedOnToolsVersion = 8.0;
						DevelopmentTeam = 24NSC329R2;
						ProvisioningStyle = Automatic;
					};
					DD82818F1EE599C0004C22A8 = {
						CreatedOnToolsVersion = 8.0;
						DevelopmentTeam = 24NSC329R2;
						ProvisioningStyle = Automatic;
						TestTargetID = DD8281731EE599C0004C22A8;
					};
					DD82819A1EE599C0004C22A8 = {
						CreatedOnToolsVersion = 8.0;
						DevelopmentTeam = 24NSC329R2;
						ProvisioningStyle = Automatic;
						TestTargetID = DD8281731EE599C0004C22A8;
					};
				};
			};
			buildConfigurationList = DD82816F1EE599C0004C22A8 /* Build configuration list for PBXProject "ZhiKuZaiXian" */;
			compatibilityVersion = "Xcode 3.2";
			developmentRegion = English;
			hasScannedForEncodings = 0;
			knownRegions = (
				en,
				Base,
			);
			mainGroup = DD82816B1EE599C0004C22A8;
			productRefGroup = DD8281751EE599C0004C22A8 /* Products */;
			projectDirPath = "";
			projectRoot = "";
			targets = (
				DD8281731EE599C0004C22A8 /* ZhiKuZaiXian */,
				DD82818F1EE599C0004C22A8 /* ZhiKuZaiXianTests */,
				DD82819A1EE599C0004C22A8 /* ZhiKuZaiXianUITests */,
			);
		};
/* End PBXProject section */

/* Begin PBXResourcesBuildPhase section */
		DD8281721EE599C0004C22A8 /* Resources */ = {
			isa = PBXResourcesBuildPhase;
			buildActionMask = 2147483647;
			files = (
				DD82818A1EE599C0004C22A8 /* LaunchScreen.storyboard in Resources */,
				DD8281871EE599C0004C22A8 /* Assets.xcassets in Resources */,
				DD8281821EE599C0004C22A8 /* Main.storyboard in Resources */,
			);
			runOnlyForDeploymentPostprocessing = 0;
		};
		DD82818E1EE599C0004C22A8 /* Resources */ = {
			isa = PBXResourcesBuildPhase;
			buildActionMask = 2147483647;
			files = (
			);
			runOnlyForDeploymentPostprocessing = 0;
		};
		DD8281991EE599C0004C22A8 /* Resources */ = {
			isa = PBXResourcesBuildPhase;
			buildActionMask = 2147483647;
			files = (
			);
			runOnlyForDeploymentPostprocessing = 0;
		};
/* End PBXResourcesBuildPhase section */

/* Begin PBXSourcesBuildPhase section */
		DD8281701EE599C0004C22A8 /* Sources */ = {
			isa = PBXSourcesBuildPhase;
			buildActionMask = 2147483647;
			files = (
				DD8281851EE599C0004C22A8 /* ZhiKuZaiXian.xcdatamodeld in Sources */,
				DD82817F1EE599C0004C22A8 /* ViewController.m in Sources */,
				DD82817C1EE599C0004C22A8 /* AppDelegate.m in Sources */,
				DD8281791EE599C0004C22A8 /* main.m in Sources */,
			);
			runOnlyForDeploymentPostprocessing = 0;
		};
		DD82818C1EE599C0004C22A8 /* Sources */ = {
			isa = PBXSourcesBuildPhase;
			buildActionMask = 2147483647;
			files = (
				DD8281951EE599C0004C22A8 /* ZhiKuZaiXianTests.m in Sources */,
			);
			runOnlyForDeploymentPostprocessing = 0;
		};
		DD8281971EE599C0004C22A8 /* Sources */ = {
			isa = PBXSourcesBuildPhase;
			buildActionMask = 2147483647;
			files = (
				DD8281A01EE599C0004C22A8 /* ZhiKuZaiXianUITests.m in Sources */,
			);
			runOnlyForDeploymentPostprocessing = 0;
		};
/* End PBXSourcesBuildPhase section */

/* Begin PBXTargetDependency section */
		DD8281921EE599C0004C22A8 /* PBXTargetDependency */ = {
			isa = PBXTargetDependency;
			target = DD8281731EE599C0004C22A8 /* ZhiKuZaiXian */;
			targetProxy = DD8281911EE599C0004C22A8 /* PBXContainerItemProxy */;
		};
		DD82819D1EE599C0004C22A8 /* PBXTargetDependency */ = {
			isa = PBXTargetDependency;
			target = DD8281731EE599C0004C22A8 /* ZhiKuZaiXian */;
			targetProxy = DD82819C1EE599C0004C22A8 /* PBXContainerItemProxy */;
		};
/* End PBXTargetDependency section */

/* Begin PBXVariantGroup section */
		DD8281801EE599C0004C22A8 /* Main.storyboard */ = {
			isa = PBXVariantGroup;
			children = (
				DD8281811EE599C0004C22A8 /* Base */,
			);
			name = Main.storyboard;
			sourceTree = "<group>";
		};
		DD8281881EE599C0004C22A8 /* LaunchScreen.storyboard */ = {
			isa = PBXVariantGroup;
			children = (
				DD8281891EE599C0004C22A8 /* Base */,
			);
			name = LaunchScreen.storyboard;
			sourceTree = "<group>";
		};
/* End PBXVariantGroup section */

/* Begin XCBuildConfiguration section */
		DD8281A21EE599C0004C22A8 /* Debug */ = {
			isa = XCBuildConfiguration;
			buildSettings = {
				ALWAYS_SEARCH_USER_PATHS = NO;
				CLANG_ANALYZER_NONNULL = YES;
				CLANG_CXX_LANGUAGE_STANDARD = "gnu++0x";
				CLANG_CXX_LIBRARY = "libc++";
				CLANG_ENABLE_MODULES = YES;
				CLANG_ENABLE_OBJC_ARC = YES;
				CLANG_WARN_BOOL_CONVERSION = YES;
				CLANG_WARN_CONSTANT_CONVERSION = YES;
				CLANG_WARN_DIRECT_OBJC_ISA_USAGE = YES_ERROR;
				CLANG_WARN_DOCUMENTATION_COMMENTS = YES;
				CLANG_WARN_EMPTY_BODY = YES;
				CLANG_WARN_ENUM_CONVERSION = YES;
				CLANG_WARN_INFINITE_RECURSION = YES;
				CLANG_WARN_INT_CONVERSION = YES;
				CLANG_WARN_OBJC_ROOT_CLASS = YES_ERROR;
				CLANG_WARN_SUSPICIOUS_MOVES = YES;
				CLANG_WARN_UNREACHABLE_CODE = YES;
				CLANG_WARN__DUPLICATE_METHOD_MATCH = YES;
				"CODE_SIGN_IDENTITY[sdk=iphoneos*]" = "iPhone Developer";
				COPY_PHASE_STRIP = NO;
				DEBUG_INFORMATION_FORMAT = dwarf;
				ENABLE_STRICT_OBJC_MSGSEND = YES;
				ENABLE_TESTABILITY = YES;
				GCC_C_LANGUAGE_STANDARD = gnu99;
				GCC_DYNAMIC_NO_PIC = NO;
				GCC_NO_COMMON_BLOCKS = YES;
				GCC_OPTIMIZATION_LEVEL = 0;
				GCC_PREPROCESSOR_DEFINITIONS = (
					"DEBUG=1",
					"$(inherited)",
				);
				GCC_WARN_64_TO_32_BIT_CONVERSION = YES;
				GCC_WARN_ABOUT_RETURN_TYPE = YES_ERROR;
				GCC_WARN_UNDECLARED_SELECTOR = YES;
				GCC_WARN_UNINITIALIZED_AUTOS = YES_AGGRESSIVE;
				GCC_WARN_UNUSED_FUNCTION = YES;
				GCC_WARN_UNUSED_VARIABLE = YES;
				IPHONEOS_DEPLOYMENT_TARGET = 10.0;
				MTL_ENABLE_DEBUG_INFO = YES;
				ONLY_ACTIVE_ARCH = YES;
				SDKROOT = iphoneos;
			};
			name = Debug;
		};
		DD8281A31EE599C0004C22A8 /* Release */ = {
			isa = XCBuildConfiguration;
			buildSettings = {
				ALWAYS_SEARCH_USER_PATHS = NO;
				CLANG_ANALYZER_NONNULL = YES;
				CLANG_CXX_LANGUAGE_STANDARD = "gnu++0x";
				CLANG_CXX_LIBRARY = "libc++";
				CLANG_ENABLE_MODULES = YES;
				CLANG_ENABLE_OBJC_ARC = YES;
				CLANG_WARN_BOOL_CONVERSION = YES;
				CLANG_WARN_CONSTANT_CONVERSION = YES;
				CLANG_WARN_DIRECT_OBJC_ISA_USAGE = YES_ERROR;
				CLANG_WARN_DOCUMENTATION_COMMENTS = YES;
				CLANG_WARN_EMPTY_BODY = YES;
				CLANG_WARN_ENUM_CONVERSION = YES;
				CLANG_WARN_INFINITE_RECURSION = YES;
				CLANG_WARN_INT_CONVERSION = YES;
				CLANG_WARN_OBJC_ROOT_CLASS = YES_ERROR;
				CLANG_WARN_SUSPICIOUS_MOVES = YES;
				CLANG_WARN_UNREACHABLE_CODE = YES;
				CLANG_WARN__DUPLICATE_METHOD_MATCH = YES;
				"CODE_SIGN_IDENTITY[sdk=iphoneos*]" = "iPhone Developer";
				COPY_PHASE_STRIP = NO;
				DEBUG_INFORMATION_FORMAT = "dwarf-with-dsym";
				ENABLE_NS_ASSERTIONS = NO;
				ENABLE_STRICT_OBJC_MSGSEND = YES;
				GCC_C_LANGUAGE_STANDARD = gnu99;
				GCC_NO_COMMON_BLOCKS = YES;
				GCC_WARN_64_TO_32_BIT_CONVERSION = YES;
				GCC_WARN_ABOUT_RETURN_TYPE = YES_ERROR;
				GCC_WARN_UNDECLARED_SELECTOR = YES;
				GCC_WARN_UNINITIALIZED_AUTOS = YES_AGGRESSIVE;
				GCC_WARN_UNUSED_FUNCTION = YES;
				GCC_WARN_UNUSED_VARIABLE = YES;
				IPHONEOS_DEPLOYMENT_TARGET = 10.0;
				MTL_ENABLE_DEBUG_INFO = NO;
				SDKROOT = iphoneos;
				VALIDATE_PRODUCT = YES;
			};
			name = Release;
		};
		DD8281A51EE599C0004C22A8 /* Debug */ = {
			isa = XCBuildConfiguration;
			buildSettings = {
				ASSETCATALOG_COMPILER_APPICON_NAME = AppIcon;
				DEVELOPMENT_TEAM = 24NSC329R2;
				INFOPLIST_FILE = ZhiKuZaiXian/Info.plist;
				LD_RUNPATH_SEARCH_PATHS = "$(inherited) @executable_path/Frameworks";
				PRODUCT_BUNDLE_IDENTIFIER = cn.bowener.ZhiKuZaiXian;
				PRODUCT_NAME = "$(TARGET_NAME)";
			};
			name = Debug;
		};
		DD8281A61EE599C0004C22A8 /* Release */ = {
			isa = XCBuildConfiguration;
			buildSettings = {
				ASSETCATALOG_COMPILER_APPICON_NAME = AppIcon;
				DEVELOPMENT_TEAM = 24NSC329R2;
				INFOPLIST_FILE = ZhiKuZaiXian/Info.plist;
				LD_RUNPATH_SEARCH_PATHS = "$(inherited) @executable_path/Frameworks";
				PRODUCT_BUNDLE_IDENTIFIER = cn.bowener.ZhiKuZaiXian;
				PRODUCT_NAME = "$(TARGET_NAME)";
			};
			name = Release;
		};
		DD8281A81EE599C0004C22A8 /* Debug */ = {
			isa = XCBuildConfiguration;
			buildSettings = {
				BUNDLE_LOADER = "$(TEST_HOST)";
				DEVELOPMENT_TEAM = 24NSC329R2;
				INFOPLIST_FILE = ZhiKuZaiXianTests/Info.plist;
				LD_RUNPATH_SEARCH_PATHS = "$(inherited) @executable_path/Frameworks @loader_path/Frameworks";
				PRODUCT_BUNDLE_IDENTIFIER = cn.bowener.ZhiKuZaiXianTests;
				PRODUCT_NAME = "$(TARGET_NAME)";
				TEST_HOST = "$(BUILT_PRODUCTS_DIR)/ZhiKuZaiXian.app/ZhiKuZaiXian";
			};
			name = Debug;
		};
		DD8281A91EE599C0004C22A8 /* Release */ = {
			isa = XCBuildConfiguration;
			buildSettings = {
				BUNDLE_LOADER = "$(TEST_HOST)";
				DEVELOPMENT_TEAM = 24NSC329R2;
				INFOPLIST_FILE = ZhiKuZaiXianTests/Info.plist;
				LD_RUNPATH_SEARCH_PATHS = "$(inherited) @executable_path/Frameworks @loader_path/Frameworks";
				PRODUCT_BUNDLE_IDENTIFIER = cn.bowener.ZhiKuZaiXianTests;
				PRODUCT_NAME = "$(TARGET_NAME)";
				TEST_HOST = "$(BUILT_PRODUCTS_DIR)/ZhiKuZaiXian.app/ZhiKuZaiXian";
			};
			name = Release;
		};
		DD8281AB1EE599C0004C22A8 /* Debug */ = {
			isa = XCBuildConfiguration;
			buildSettings = {
				DEVELOPMENT_TEAM = 24NSC329R2;
				INFOPLIST_FILE = ZhiKuZaiXianUITests/Info.plist;
				LD_RUNPATH_SEARCH_PATHS = "$(inherited) @executable_path/Frameworks @loader_path/Frameworks";
				PRODUCT_BUNDLE_IDENTIFIER = cn.bowener.ZhiKuZaiXianUITests;
				PRODUCT_NAME = "$(TARGET_NAME)";
				TEST_TARGET_NAME = ZhiKuZaiXian;
			};
			name = Debug;
		};
		DD8281AC1EE599C0004C22A8 /* Release */ = {
			isa = XCBuildConfiguration;
			buildSettings = {
				DEVELOPMENT_TEAM = 24NSC329R2;
				INFOPLIST_FILE = ZhiKuZaiXianUITests/Info.plist;
				LD_RUNPATH_SEARCH_PATHS = "$(inherited) @executable_path/Frameworks @loader_path/Frameworks";
				PRODUCT_BUNDLE_IDENTIFIER = cn.bowener.ZhiKuZaiXianUITests;
				PRODUCT_NAME = "$(TARGET_NAME)";
				TEST_TARGET_NAME = ZhiKuZaiXian;
			};
			name = Release;
		};
/* End XCBuildConfiguration section */

/* Begin XCConfigurationList section */
		DD82816F1EE599C0004C22A8 /* Build configuration list for PBXProject "ZhiKuZaiXian" */ = {
			isa = XCConfigurationList;
			buildConfigurations = (
				DD8281A21EE599C0004C22A8 /* Debug */,
				DD8281A31EE599C0004C22A8 /* Release */,
			);
			defaultConfigurationIsVisible = 0;
			defaultConfigurationName = Release;
		};
		DD8281A41EE599C0004C22A8 /* Build configuration list for PBXNativeTarget "ZhiKuZaiXian" */ = {
			isa = XCConfigurationList;
			buildConfigurations = (
				DD8281A51EE599C0004C22A8 /* Debug */,
				DD8281A61EE599C0004C22A8 /* Release */,
			);
			defaultConfigurationIsVisible = 0;
		};
		DD8281A71EE599C0004C22A8 /* Build configuration list for PBXNativeTarget "ZhiKuZaiXianTests" */ = {
			isa = XCConfigurationList;
			buildConfigurations = (
				DD8281A81EE599C0004C22A8 /* Debug */,
				DD8281A91EE599C0004C22A8 /* Release */,
			);
			defaultConfigurationIsVisible = 0;
		};
		DD8281AA1EE599C0004C22A8 /* Build configuration list for PBXNativeTarget "ZhiKuZaiXianUITests" */ = {
			isa = XCConfigurationList;
			buildConfigurations = (
				DD8281AB1EE599C0004C22A8 /* Debug */,
				DD8281AC1EE599C0004C22A8 /* Release */,
			);
			defaultConfigurationIsVisible = 0;
		};
/* End XCConfigurationList section */

/* Begin XCVersionGroup section */
		DD8281831EE599C0004C22A8 /* ZhiKuZaiXian.xcdatamodeld */ = {
			isa = XCVersionGroup;
			children = (
				DD8281841EE599C0004C22A8 /* ZhiKuZaiXian.xcdatamodel */,
			);
			currentVersion = DD8281841EE599C0004C22A8 /* ZhiKuZaiXian.xcdatamodel */;
			path = ZhiKuZaiXian.xcdatamodeld;
			sourceTree = "<group>";
			versionGroupType = wrapper.xcdatamodel;
		};
/* End XCVersionGroup section */
	};
	rootObject = DD82816C1EE599C0004C22A8 /* Project object */;
}
